
Microsoft Visual Studio Solution File, Format Version 12.00
# Visual Studio Version 17
VisualStudioVersion = 17.13.35806.99 d17.13
MinimumVisualStudioVersion = 10.0.40219.1
Project("{FAE04EC0-301F-11D3-BF4B-00C04F79EFBC}") = "RentACar", "RentACar\RentACar.csproj", "{09813B04-55AB-4DA5-8FA4-7AB75345125E}"
EndProject
Project("{FAE04EC0-301F-11D3-BF4B-00C04F79EFBC}") = "RentACar.Infrastructure", "RentACar.Infrastructure\RentACar.Infrastructure.csproj", "{22A988BF-8804-4516-9ED3-45E45CD208FA}"
EndProject
Global
	GlobalSection(SolutionConfigurationPlatforms) = preSolution
		Debug|Any CPU = Debug|Any CPU
		Release|Any CPU = Release|Any CPU
	EndGlobalSection
	GlobalSection(ProjectConfigurationPlatforms) = postSolution
		{09813B04-55AB-4DA5-8FA4-7AB75345125E}.Debug|Any CPU.ActiveCfg = Debug|Any CPU
		{09813B04-55AB-4DA5-8FA4-7AB75345125E}.Debug|Any CPU.Build.0 = Debug|Any CPU
		{09813B04-55AB-4DA5-8FA4-7AB75345125E}.Release|Any CPU.ActiveCfg = Release|Any CPU
		{09813B04-55AB-4DA5-8FA4-7AB75345125E}.Release|Any CPU.Build.0 = Release|Any CPU
		{22A988BF-8804-4516-9ED3-45E45CD208FA}.Debug|Any CPU.ActiveCfg = Debug|Any CPU
		{22A988BF-8804-4516-9ED3-45E45CD208FA}.Debug|Any CPU.Build.0 = Debug|Any CPU
		{22A988BF-8804-4516-9ED3-45E45CD208FA}.Release|Any CPU.ActiveCfg = Release|Any CPU
		{22A988BF-8804-4516-9ED3-45E45CD208FA}.Release|Any CPU.Build.0 = Release|Any CPU
	EndGlobalSection
	GlobalSection(SolutionProperties) = preSolution
		HideSolutionNode = FALSE
	EndGlobalSection
	GlobalSection(ExtensibilityGlobals) = postSolution
		SolutionGuid = {2C9AC8FC-3CD2-45A7-BFC5-F348AE3BC50C}
	EndGlobalSection
EndGlobal
